
Microsoft Visual Studio Solution File, Format Version 12.00
# Visual Studio Version 17
VisualStudioVersion = 17.10.35122.118
MinimumVisualStudioVersion = 10.0.40219.1
Project("{FAE04EC0-301F-11D3-BF4B-00C04F79EFBC}") = "Pratik-KürdoflixDizilerPlatformu", "Pratik-KürdoflixDizilerPlatformu\Pratik-KürdoflixDizilerPlatformu.csproj", "{4C095744-1985-4E13-9634-73DF9FC0056E}"
EndProject
Global
	GlobalSection(SolutionConfigurationPlatforms) = preSolution
		Debug|Any CPU = Debug|Any CPU
		Release|Any CPU = Release|Any CPU
	EndGlobalSection
	GlobalSection(ProjectConfigurationPlatforms) = postSolution
		{4C095744-1985-4E13-9634-73DF9FC0056E}.Debug|Any CPU.ActiveCfg = Debug|Any CPU
		{4C095744-1985-4E13-9634-73DF9FC0056E}.Debug|Any CPU.Build.0 = Debug|Any CPU
		{4C095744-1985-4E13-9634-73DF9FC0056E}.Release|Any CPU.ActiveCfg = Release|Any CPU
		{4C095744-1985-4E13-9634-73DF9FC0056E}.Release|Any CPU.Build.0 = Release|Any CPU
	EndGlobalSection
	GlobalSection(SolutionProperties) = preSolution
		HideSolutionNode = FALSE
	EndGlobalSection
	GlobalSection(ExtensibilityGlobals) = postSolution
		SolutionGuid = {AF18C058-200C-42DA-95D7-9D65714906C6}
	EndGlobalSection
EndGlobal
